{
  "meteor": {},
  "dependencies": {
    "basePackages": {
      "physijs": {
        "git": "https://github.com/jnhall/meteor-physijs.git",
        "tag": "v0.0.4"
      }
    },
    "packages": {
      "physijs": {
        "git": "https://github.com/jnhall/meteor-physijs.git",
        "tag": "v0.0.4"
      }
    }
  }
}
